
Microsoft Visual Studio Solution File, Format Version 12.00
# Visual Studio Version 16
VisualStudioVersion = 16.0.28621.142
MinimumVisualStudioVersion = 10.0.40219.1
Project("{FAE04EC0-301F-11D3-BF4B-00C04F79EFBC}") = "stsms.Android", "stsms\stsms.Android\stsms.Android.csproj", "{9E225561-F988-4A8F-9C7E-D57F615CFA6A}"
EndProject
Project("{FAE04EC0-301F-11D3-BF4B-00C04F79EFBC}") = "stsms.iOS", "stsms\stsms.iOS\stsms.iOS.csproj", "{6F43F2AA-5D11-4EBF-9FBB-FFF9034C58D0}"
EndProject
Project("{FAE04EC0-301F-11D3-BF4B-00C04F79EFBC}") = "stsms", "stsms\stsms\stsms.csproj", "{54855E12-9415-458C-A76E-630C332E7448}"
EndProject
Global
	GlobalSection(SolutionConfigurationPlatforms) = preSolution
		Debug|Any CPU = Debug|Any CPU
		Debug|iPhone = Debug|iPhone
		Debug|iPhoneSimulator = Debug|iPhoneSimulator
		Release|Any CPU = Release|Any CPU
		Release|iPhone = Release|iPhone
		Release|iPhoneSimulator = Release|iPhoneSimulator
	EndGlobalSection
	GlobalSection(ProjectConfigurationPlatforms) = postSolution
		{9E225561-F988-4A8F-9C7E-D57F615CFA6A}.Debug|Any CPU.ActiveCfg = Debug|Any CPU
		{9E225561-F988-4A8F-9C7E-D57F615CFA6A}.Debug|Any CPU.Build.0 = Debug|Any CPU
		{9E225561-F988-4A8F-9C7E-D57F615CFA6A}.Debug|Any CPU.Deploy.0 = Debug|Any CPU
		{9E225561-F988-4A8F-9C7E-D57F615CFA6A}.Debug|iPhone.ActiveCfg = Debug|Any CPU
		{9E225561-F988-4A8F-9C7E-D57F615CFA6A}.Debug|iPhone.Build.0 = Debug|Any CPU
		{9E225561-F988-4A8F-9C7E-D57F615CFA6A}.Debug|iPhone.Deploy.0 = Debug|Any CPU
		{9E225561-F988-4A8F-9C7E-D57F615CFA6A}.Debug|iPhoneSimulator.ActiveCfg = Debug|Any CPU
		{9E225561-F988-4A8F-9C7E-D57F615CFA6A}.Debug|iPhoneSimulator.Build.0 = Debug|Any CPU
		{9E225561-F988-4A8F-9C7E-D57F615CFA6A}.Debug|iPhoneSimulator.Deploy.0 = Debug|Any CPU
		{9E225561-F988-4A8F-9C7E-D57F615CFA6A}.Release|Any CPU.ActiveCfg = Release|Any CPU
		{9E225561-F988-4A8F-9C7E-D57F615CFA6A}.Release|Any CPU.Build.0 = Release|Any CPU
		{9E225561-F988-4A8F-9C7E-D57F615CFA6A}.Release|Any CPU.Deploy.0 = Release|Any CPU
		{9E225561-F988-4A8F-9C7E-D57F615CFA6A}.Release|iPhone.ActiveCfg = Release|Any CPU
		{9E225561-F988-4A8F-9C7E-D57F615CFA6A}.Release|iPhone.Build.0 = Release|Any CPU
		{9E225561-F988-4A8F-9C7E-D57F615CFA6A}.Release|iPhone.Deploy.0 = Release|Any CPU
		{9E225561-F988-4A8F-9C7E-D57F615CFA6A}.Release|iPhoneSimulator.ActiveCfg = Release|Any CPU
		{9E225561-F988-4A8F-9C7E-D57F615CFA6A}.Release|iPhoneSimulator.Build.0 = Release|Any CPU
		{9E225561-F988-4A8F-9C7E-D57F615CFA6A}.Release|iPhoneSimulator.Deploy.0 = Release|Any CPU
		{6F43F2AA-5D11-4EBF-9FBB-FFF9034C58D0}.Debug|Any CPU.ActiveCfg = Debug|iPhoneSimulator
		{6F43F2AA-5D11-4EBF-9FBB-FFF9034C58D0}.Debug|Any CPU.Build.0 = Debug|iPhoneSimulator
		{6F43F2AA-5D11-4EBF-9FBB-FFF9034C58D0}.Debug|Any CPU.Deploy.0 = Debug|iPhoneSimulator
		{6F43F2AA-5D11-4EBF-9FBB-FFF9034C58D0}.Debug|iPhone.ActiveCfg = Debug|iPhone
		{6F43F2AA-5D11-4EBF-9FBB-FFF9034C58D0}.Debug|iPhone.Build.0 = Debug|iPhone
		{6F43F2AA-5D11-4EBF-9FBB-FFF9034C58D0}.Debug|iPhone.Deploy.0 = Debug|iPhone
		{6F43F2AA-5D11-4EBF-9FBB-FFF9034C58D0}.Debug|iPhoneSimulator.ActiveCfg = Debug|iPhoneSimulator
		{6F43F2AA-5D11-4EBF-9FBB-FFF9034C58D0}.Debug|iPhoneSimulator.Build.0 = Debug|iPhoneSimulator
		{6F43F2AA-5D11-4EBF-9FBB-FFF9034C58D0}.Debug|iPhoneSimulator.Deploy.0 = Debug|iPhoneSimulator
		{6F43F2AA-5D11-4EBF-9FBB-FFF9034C58D0}.Release|Any CPU.ActiveCfg = Release|iPhone
		{6F43F2AA-5D11-4EBF-9FBB-FFF9034C58D0}.Release|Any CPU.Build.0 = Release|iPhone
		{6F43F2AA-5D11-4EBF-9FBB-FFF9034C58D0}.Release|Any CPU.Deploy.0 = Release|iPhone
		{6F43F2AA-5D11-4EBF-9FBB-FFF9034C58D0}.Release|iPhone.ActiveCfg = Release|iPhone
		{6F43F2AA-5D11-4EBF-9FBB-FFF9034C58D0}.Release|iPhone.Build.0 = Release|iPhone
		{6F43F2AA-5D11-4EBF-9FBB-FFF9034C58D0}.Release|iPhone.Deploy.0 = Release|iPhone
		{6F43F2AA-5D11-4EBF-9FBB-FFF9034C58D0}.Release|iPhoneSimulator.ActiveCfg = Release|iPhoneSimulator
		{6F43F2AA-5D11-4EBF-9FBB-FFF9034C58D0}.Release|iPhoneSimulator.Build.0 = Release|iPhoneSimulator
		{6F43F2AA-5D11-4EBF-9FBB-FFF9034C58D0}.Release|iPhoneSimulator.Deploy.0 = Release|iPhoneSimulator
		{54855E12-9415-458C-A76E-630C332E7448}.Debug|Any CPU.ActiveCfg = Debug|Any CPU
		{54855E12-9415-458C-A76E-630C332E7448}.Debug|Any CPU.Build.0 = Debug|Any CPU
		{54855E12-9415-458C-A76E-630C332E7448}.Debug|Any CPU.Deploy.0 = Debug|Any CPU
		{54855E12-9415-458C-A76E-630C332E7448}.Debug|iPhone.ActiveCfg = Debug|Any CPU
		{54855E12-9415-458C-A76E-630C332E7448}.Debug|iPhone.Build.0 = Debug|Any CPU
		{54855E12-9415-458C-A76E-630C332E7448}.Debug|iPhone.Deploy.0 = Debug|Any CPU
		{54855E12-9415-458C-A76E-630C332E7448}.Debug|iPhoneSimulator.ActiveCfg = Debug|Any CPU
		{54855E12-9415-458C-A76E-630C332E7448}.Debug|iPhoneSimulator.Build.0 = Debug|Any CPU
		{54855E12-9415-458C-A76E-630C332E7448}.Debug|iPhoneSimulator.Deploy.0 = Debug|Any CPU
		{54855E12-9415-458C-A76E-630C332E7448}.Release|Any CPU.ActiveCfg = Release|Any CPU
		{54855E12-9415-458C-A76E-630C332E7448}.Release|Any CPU.Build.0 = Release|Any CPU
		{54855E12-9415-458C-A76E-630C332E7448}.Release|Any CPU.Deploy.0 = Release|Any CPU
		{54855E12-9415-458C-A76E-630C332E7448}.Release|iPhone.ActiveCfg = Release|Any CPU
		{54855E12-9415-458C-A76E-630C332E7448}.Release|iPhone.Build.0 = Release|Any CPU
		{54855E12-9415-458C-A76E-630C332E7448}.Release|iPhone.Deploy.0 = Release|Any CPU
		{54855E12-9415-458C-A76E-630C332E7448}.Release|iPhoneSimulator.ActiveCfg = Release|Any CPU
		{54855E12-9415-458C-A76E-630C332E7448}.Release|iPhoneSimulator.Build.0 = Release|Any CPU
		{54855E12-9415-458C-A76E-630C332E7448}.Release|iPhoneSimulator.Deploy.0 = Release|Any CPU
	EndGlobalSection
	GlobalSection(SolutionProperties) = preSolution
		HideSolutionNode = FALSE
	EndGlobalSection
	GlobalSection(ExtensibilityGlobals) = postSolution
		SolutionGuid = {0A855C33-4D91-447E-BB64-FEAC0F3A8BB2}
	EndGlobalSection
EndGlobal
